
Microsoft Visual Studio Solution File, Format Version 12.00
# Visual Studio Version 16
VisualStudioVersion = 16.0.31729.503
MinimumVisualStudioVersion = 10.0.40219.1
Project("{FAE04EC0-301F-11D3-BF4B-00C04F79EFBC}") = "StoreAPI", "StoreAPI\StoreAPI.csproj", "{FF14A033-89F9-4EE4-8DC4-75AFE9BD5B1C}"
EndProject
Global
	GlobalSection(SolutionConfigurationPlatforms) = preSolution
		Debug|Any CPU = Debug|Any CPU
		Release|Any CPU = Release|Any CPU
	EndGlobalSection
	GlobalSection(ProjectConfigurationPlatforms) = postSolution
		{FF14A033-89F9-4EE4-8DC4-75AFE9BD5B1C}.Debug|Any CPU.ActiveCfg = Debug|Any CPU
		{FF14A033-89F9-4EE4-8DC4-75AFE9BD5B1C}.Debug|Any CPU.Build.0 = Debug|Any CPU
		{FF14A033-89F9-4EE4-8DC4-75AFE9BD5B1C}.Release|Any CPU.ActiveCfg = Release|Any CPU
		{FF14A033-89F9-4EE4-8DC4-75AFE9BD5B1C}.Release|Any CPU.Build.0 = Release|Any CPU
	EndGlobalSection
	GlobalSection(SolutionProperties) = preSolution
		HideSolutionNode = FALSE
	EndGlobalSection
	GlobalSection(ExtensibilityGlobals) = postSolution
		SolutionGuid = {41C9EBB5-12BE-4BA2-8F0B-08EAA81F77C3}
	EndGlobalSection
EndGlobal
